// !$*UTF8*$!
{
	archiveVersion = 1;
	classes = {
	};
	objectVersion = 46;
	objects = {

/* Begin PBXBuildFile section */
		69499BB01BDDDB0D00C45A4C /* AppDelegate.swift in Sources */ = {isa = PBXBuildFile; fileRef = 69499BAF1BDDDB0D00C45A4C /* AppDelegate.swift */; };
		69499BB21BDDDB0D00C45A4C /* ViewController.swift in Sources */ = {isa = PBXBuildFile; fileRef = 69499BB11BDDDB0D00C45A4C /* ViewController.swift */; };
		69499BB51BDDDB0D00C45A4C /* Main.storyboard in Resources */ = {isa = PBXBuildFile; fileRef = 69499BB31BDDDB0D00C45A4C /* Main.storyboard */; };
		69499BB71BDDDB0D00C45A4C /* Assets.xcassets in Resources */ = {isa = PBXBuildFile; fileRef = 69499BB61BDDDB0D00C45A4C /* Assets.xcassets */; };
		69499BBA1BDDDB0D00C45A4C /* LaunchScreen.storyboard in Resources */ = {isa = PBXBuildFile; fileRef = 69499BB81BDDDB0D00C45A4C /* LaunchScreen.storyboard */; };
		69499BC51BDDDB0D00C45A4C /* WKWebViewDemoTests.swift in Sources */ = {isa = PBXBuildFile; fileRef = 69499BC41BDDDB0D00C45A4C /* WKWebViewDemoTests.swift */; };
		69499BD01BDDDB0D00C45A4C /* WKWebViewDemoUITests.swift in Sources */ = {isa = PBXBuildFile; fileRef = 69499BCF1BDDDB0D00C45A4C /* WKWebViewDemoUITests.swift */; };
		69499BDE1BDE2E8A00C45A4C /* test.html in Resources */ = {isa = PBXBuildFile; fileRef = 69499BDD1BDE2E8A00C45A4C /* test.html */; settings = {ASSET_TAGS = (); }; };
		69499BDF1BDE2E8A00C45A4C /* test.html in Resources */ = {isa = PBXBuildFile; fileRef = 69499BDD1BDE2E8A00C45A4C /* test.html */; settings = {ASSET_TAGS = (); }; };
		69499BE01BDE2E8A00C45A4C /* test.html in Resources */ = {isa = PBXBuildFile; fileRef = 69499BDD1BDE2E8A00C45A4C /* test.html */; settings = {ASSET_TAGS = (); }; };
/* End PBXBuildFile section */

/* Begin PBXContainerItemProxy section */
		69499BC11BDDDB0D00C45A4C /* PBXContainerItemProxy */ = {
			isa = PBXContainerItemProxy;
			containerPortal = 69499BA41BDDDB0C00C45A4C /* Project object */;
			proxyType = 1;
			remoteGlobalIDString = 69499BAB1BDDDB0C00C45A4C;
			remoteInfo = WKWebViewDemo;
		};
		69499BCC1BDDDB0D00C45A4C /* PBXContainerItemProxy */ = {
			isa = PBXContainerItemProxy;
			containerPortal = 69499BA41BDDDB0C00C45A4C /* Project object */;
			proxyType = 1;
			remoteGlobalIDString = 69499BAB1BDDDB0C00C45A4C;
			remoteInfo = WKWebViewDemo;
		};
/* End PBXContainerItemProxy section */

/* Begin PBXFileReference section */
		69499BAC1BDDDB0C00C45A4C /* WKWebViewDemo.app */ = {isa = PBXFileReference; explicitFileType = wrapper.application; includeInIndex = 0; path = WKWebViewDemo.app; sourceTree = BUILT_PRODUCTS_DIR; };
		69499BAF1BDDDB0D00C45A4C /* AppDelegate.swift */ = {isa = PBXFileReference; lastKnownFileType = sourcecode.swift; path = AppDelegate.swift; sourceTree = "<group>"; };
		69499BB11BDDDB0D00C45A4C /* ViewController.swift */ = {isa = PBXFileReference; lastKnownFileType = sourcecode.swift; path = ViewController.swift; sourceTree = "<group>"; };
		69499BB41BDDDB0D00C45A4C /* Base */ = {isa = PBXFileReference; lastKnownFileType = file.storyboard; name = Base; path = Base.lproj/Main.storyboard; sourceTree = "<group>"; };
		69499BB61BDDDB0D00C45A4C /* Assets.xcassets */ = {isa = PBXFileReference; lastKnownFileType = folder.assetcatalog; path = Assets.xcassets; sourceTree = "<group>"; };
		69499BB91BDDDB0D00C45A4C /* Base */ = {isa = PBXFileReference; lastKnownFileType = file.storyboard; name = Base; path = Base.lproj/LaunchScreen.storyboard; sourceTree = "<group>"; };
		69499BBB1BDDDB0D00C45A4C /* Info.plist */ = {isa = PBXFileReference; lastKnownFileType = text.plist.xml; path = Info.plist; sourceTree = "<group>"; };
		69499BC01BDDDB0D00C45A4C /* WKWebViewDemoTests.xctest */ = {isa = PBXFileReference; explicitFileType = wrapper.cfbundle; includeInIndex = 0; path = WKWebViewDemoTests.xctest; sourceTree = BUILT_PRODUCTS_DIR; };
		69499BC41BDDDB0D00C45A4C /* WKWebViewDemoTests.swift */ = {isa = PBXFileReference; lastKnownFileType = sourcecode.swift; path = WKWebViewDemoTests.swift; sourceTree = "<group>"; };
		69499BC61BDDDB0D00C45A4C /* Info.plist */ = {isa = PBXFileReference; lastKnownFileType = text.plist.xml; path = Info.plist; sourceTree = "<group>"; };
		69499BCB1BDDDB0D00C45A4C /* WKWebViewDemoUITests.xctest */ = {isa = PBXFileReference; explicitFileType = wrapper.cfbundle; includeInIndex = 0; path = WKWebViewDemoUITests.xctest; sourceTree = BUILT_PRODUCTS_DIR; };
		69499BCF1BDDDB0D00C45A4C /* WKWebViewDemoUITests.swift */ = {isa = PBXFileReference; lastKnownFileType = sourcecode.swift; path = WKWebViewDemoUITests.swift; sourceTree = "<group>"; };
		69499BD11BDDDB0D00C45A4C /* Info.plist */ = {isa = PBXFileReference; lastKnownFileType = text.plist.xml; path = Info.plist; sourceTree = "<group>"; };
		69499BDD1BDE2E8A00C45A4C /* test.html */ = {isa = PBXFileReference; fileEncoding = 4; lastKnownFileType = text.html; path = test.html; sourceTree = "<group>"; };
/* End PBXFileReference section */

/* Begin PBXFrameworksBuildPhase section */
		69499BA91BDDDB0C00C45A4C /* Frameworks */ = {
			isa = PBXFrameworksBuildPhase;
			buildActionMask = 2147483647;
			files = (
			);
			runOnlyForDeploymentPostprocessing = 0;
		};
		69499BBD1BDDDB0D00C45A4C /* Frameworks */ = {
			isa = PBXFrameworksBuildPhase;
			buildActionMask = 2147483647;
			files = (
			);
			runOnlyForDeploymentPostprocessing = 0;
		};
		69499BC81BDDDB0D00C45A4C /* Frameworks */ = {
			isa = PBXFrameworksBuildPhase;
			buildActionMask = 2147483647;
			files = (
			);
			runOnlyForDeploymentPostprocessing = 0;
		};
/* End PBXFrameworksBuildPhase section */

/* Begin PBXGroup section */
		69499BA31BDDDB0C00C45A4C = {
			isa = PBXGroup;
			children = (
				69499BAE1BDDDB0D00C45A4C /* WKWebViewDemo */,
				69499BC31BDDDB0D00C45A4C /* WKWebViewDemoTests */,
				69499BCE1BDDDB0D00C45A4C /* WKWebViewDemoUITests */,
				69499BAD1BDDDB0C00C45A4C /* Products */,
			);
			sourceTree = "<group>";
		};
		69499BAD1BDDDB0C00C45A4C /* Products */ = {
			isa = PBXGroup;
			children = (
				69499BAC1BDDDB0C00C45A4C /* WKWebViewDemo.app */,
				69499BC01BDDDB0D00C45A4C /* WKWebViewDemoTests.xctest */,
				69499BCB1BDDDB0D00C45A4C /* WKWebViewDemoUITests.xctest */,
			);
			name = Products;
			sourceTree = "<group>";
		};
		69499BAE1BDDDB0D00C45A4C /* WKWebViewDemo */ = {
			isa = PBXGroup;
			children = (
				69499BDD1BDE2E8A00C45A4C /* test.html */,
				69499BAF1BDDDB0D00C45A4C /* AppDelegate.swift */,
				69499BB11BDDDB0D00C45A4C /* ViewController.swift */,
				69499BB31BDDDB0D00C45A4C /* Main.storyboard */,
				69499BB61BDDDB0D00C45A4C /* Assets.xcassets */,
				69499BB81BDDDB0D00C45A4C /* LaunchScreen.storyboard */,
				69499BBB1BDDDB0D00C45A4C /* Info.plist */,
			);
			path = WKWebViewDemo;
			sourceTree = "<group>";
		};
		69499BC31BDDDB0D00C45A4C /* WKWebViewDemoTests */ = {
			isa = PBXGroup;
			children = (
				69499BC41BDDDB0D00C45A4C /* WKWebViewDemoTests.swift */,
				69499BC61BDDDB0D00C45A4C /* Info.plist */,
			);
			path = WKWebViewDemoTests;
			sourceTree = "<group>";
		};
		69499BCE1BDDDB0D00C45A4C /* WKWebViewDemoUITests */ = {
			isa = PBXGroup;
			children = (
				69499BCF1BDDDB0D00C45A4C /* WKWebViewDemoUITests.swift */,
				69499BD11BDDDB0D00C45A4C /* Info.plist */,
			);
			path = WKWebViewDemoUITests;
			sourceTree = "<group>";
		};
/* End PBXGroup section */

/* Begin PBXNativeTarget section */
		69499BAB1BDDDB0C00C45A4C /* WKWebViewDemo */ = {
			isa = PBXNativeTarget;
			buildConfigurationList = 69499BD41BDDDB0D00C45A4C /* Build configuration list for PBXNativeTarget "WKWebViewDemo" */;
			buildPhases = (
				69499BA81BDDDB0C00C45A4C /* Sources */,
				69499BA91BDDDB0C00C45A4C /* Frameworks */,
				69499BAA1BDDDB0C00C45A4C /* Resources */,
			);
			buildRules = (
			);
			dependencies = (
			);
			name = WKWebViewDemo;
			productName = WKWebViewDemo;
			productReference = 69499BAC1BDDDB0C00C45A4C /* WKWebViewDemo.app */;
			productType = "com.apple.product-type.application";
		};
		69499BBF1BDDDB0D00C45A4C /* WKWebViewDemoTests */ = {
			isa = PBXNativeTarget;
			buildConfigurationList = 69499BD71BDDDB0D00C45A4C /* Build configuration list for PBXNativeTarget "WKWebViewDemoTests" */;
			buildPhases = (
				69499BBC1BDDDB0D00C45A4C /* Sources */,
				69499BBD1BDDDB0D00C45A4C /* Frameworks */,
				69499BBE1BDDDB0D00C45A4C /* Resources */,
			);
			buildRules = (
			);
			dependencies = (
				69499BC21BDDDB0D00C45A4C /* PBXTargetDependency */,
			);
			name = WKWebViewDemoTests;
			productName = WKWebViewDemoTests;
			productReference = 69499BC01BDDDB0D00C45A4C /* WKWebViewDemoTests.xctest */;
			productType = "com.apple.product-type.bundle.unit-test";
		};
		69499BCA1BDDDB0D00C45A4C /* WKWebViewDemoUITests */ = {
			isa = PBXNativeTarget;
			buildConfigurationList = 69499BDA1BDDDB0D00C45A4C /* Build configuration list for PBXNativeTarget "WKWebViewDemoUITests" */;
			buildPhases = (
				69499BC71BDDDB0D00C45A4C /* Sources */,
				69499BC81BDDDB0D00C45A4C /* Frameworks */,
				69499BC91BDDDB0D00C45A4C /* Resources */,
			);
			buildRules = (
			);
			dependencies = (
				69499BCD1BDDDB0D00C45A4C /* PBXTargetDependency */,
			);
			name = WKWebViewDemoUITests;
			productName = WKWebViewDemoUITests;
			productReference = 69499BCB1BDDDB0D00C45A4C /* WKWebViewDemoUITests.xctest */;
			productType = "com.apple.product-type.bundle.ui-testing";
		};
/* End PBXNativeTarget section */

/* Begin PBXProject section */
		69499BA41BDDDB0C00C45A4C /* Project object */ = {
			isa = PBXProject;
			attributes = {
				LastUpgradeCheck = 0700;
				ORGANIZATIONNAME = huangyibiao;
				TargetAttributes = {
					69499BAB1BDDDB0C00C45A4C = {
						CreatedOnToolsVersion = 7.0.1;
					};
					69499BBF1BDDDB0D00C45A4C = {
						CreatedOnToolsVersion = 7.0.1;
						TestTargetID = 69499BAB1BDDDB0C00C45A4C;
					};
					69499BCA1BDDDB0D00C45A4C = {
						CreatedOnToolsVersion = 7.0.1;
						TestTargetID = 69499BAB1BDDDB0C00C45A4C;
					};
				};
			};
			buildConfigurationList = 69499BA71BDDDB0C00C45A4C /* Build configuration list for PBXProject "WKWebViewDemo" */;
			compatibilityVersion = "Xcode 3.2";
			developmentRegion = English;
			hasScannedForEncodings = 0;
			knownRegions = (
				en,
				Base,
			);
			mainGroup = 69499BA31BDDDB0C00C45A4C;
			productRefGroup = 69499BAD1BDDDB0C00C45A4C /* Products */;
			projectDirPath = "";
			projectRoot = "";
			targets = (
				69499BAB1BDDDB0C00C45A4C /* WKWebViewDemo */,
				69499BBF1BDDDB0D00C45A4C /* WKWebViewDemoTests */,
				69499BCA1BDDDB0D00C45A4C /* WKWebViewDemoUITests */,
			);
		};
/* End PBXProject section */

/* Begin PBXResourcesBuildPhase section */
		69499BAA1BDDDB0C00C45A4C /* Resources */ = {
			isa = PBXResourcesBuildPhase;
			buildActionMask = 2147483647;
			files = (
				69499BDE1BDE2E8A00C45A4C /* test.html in Resources */,
				69499BBA1BDDDB0D00C45A4C /* LaunchScreen.storyboard in Resources */,
				69499BB71BDDDB0D00C45A4C /* Assets.xcassets in Resources */,
				69499BB51BDDDB0D00C45A4C /* Main.storyboard in Resources */,
			);
			runOnlyForDeploymentPostprocessing = 0;
		};
		69499BBE1BDDDB0D00C45A4C /* Resources */ = {
			isa = PBXResourcesBuildPhase;
			buildActionMask = 2147483647;
			files = (
				69499BDF1BDE2E8A00C45A4C /* test.html in Resources */,
			);
			runOnlyForDeploymentPostprocessing = 0;
		};
		69499BC91BDDDB0D00C45A4C /* Resources */ = {
			isa = PBXResourcesBuildPhase;
			buildActionMask = 2147483647;
			files = (
				69499BE01BDE2E8A00C45A4C /* test.html in Resources */,
			);
			runOnlyForDeploymentPostprocessing = 0;
		};
/* End PBXResourcesBuildPhase section */

/* Begin PBXSourcesBuildPhase section */
		69499BA81BDDDB0C00C45A4C /* Sources */ = {
			isa = PBXSourcesBuildPhase;
			buildActionMask = 2147483647;
			files = (
				69499BB21BDDDB0D00C45A4C /* ViewController.swift in Sources */,
				69499BB01BDDDB0D00C45A4C /* AppDelegate.swift in Sources */,
			);
			runOnlyForDeploymentPostprocessing = 0;
		};
		69499BBC1BDDDB0D00C45A4C /* Sources */ = {
			isa = PBXSourcesBuildPhase;
			buildActionMask = 2147483647;
			files = (
				69499BC51BDDDB0D00C45A4C /* WKWebViewDemoTests.swift in Sources */,
			);
			runOnlyForDeploymentPostprocessing = 0;
		};
		69499BC71BDDDB0D00C45A4C /* Sources */ = {
			isa = PBXSourcesBuildPhase;
			buildActionMask = 2147483647;
			files = (
				69499BD01BDDDB0D00C45A4C /* WKWebViewDemoUITests.swift in Sources */,
			);
			runOnlyForDeploymentPostprocessing = 0;
		};
/* End PBXSourcesBuildPhase section */

/* Begin PBXTargetDependency section */
		69499BC21BDDDB0D00C45A4C /* PBXTargetDependency */ = {
			isa = PBXTargetDependency;
			target = 69499BAB1BDDDB0C00C45A4C /* WKWebViewDemo */;
			targetProxy = 69499BC11BDDDB0D00C45A4C /* PBXContainerItemProxy */;
		};
		69499BCD1BDDDB0D00C45A4C /* PBXTargetDependency */ = {
			isa = PBXTargetDependency;
			target = 69499BAB1BDDDB0C00C45A4C /* WKWebViewDemo */;
			targetProxy = 69499BCC1BDDDB0D00C45A4C /* PBXContainerItemProxy */;
		};
/* End PBXTargetDependency section */

/* Begin PBXVariantGroup section */
		69499BB31BDDDB0D00C45A4C /* Main.storyboard */ = {
			isa = PBXVariantGroup;
			children = (
				69499BB41BDDDB0D00C45A4C /* Base */,
			);
			name = Main.storyboard;
			sourceTree = "<group>";
		};
		69499BB81BDDDB0D00C45A4C /* LaunchScreen.storyboard */ = {
			isa = PBXVariantGroup;
			children = (
				69499BB91BDDDB0D00C45A4C /* Base */,
			);
			name = LaunchScreen.storyboard;
			sourceTree = "<group>";
		};
/* End PBXVariantGroup section */

/* Begin XCBuildConfiguration section */
		69499BD21BDDDB0D00C45A4C /* Debug */ = {
			isa = XCBuildConfiguration;
			buildSettings = {
				ALWAYS_SEARCH_USER_PATHS = NO;
				CLANG_CXX_LANGUAGE_STANDARD = "gnu++0x";
				CLANG_CXX_LIBRARY = "libc++";
				CLANG_ENABLE_MODULES = YES;
				CLANG_ENABLE_OBJC_ARC = YES;
				CLANG_WARN_BOOL_CONVERSION = YES;
				CLANG_WARN_CONSTANT_CONVERSION = YES;
				CLANG_WARN_DIRECT_OBJC_ISA_USAGE = YES_ERROR;
				CLANG_WARN_EMPTY_BODY = YES;
				CLANG_WARN_ENUM_CONVERSION = YES;
				CLANG_WARN_INT_CONVERSION = YES;
				CLANG_WARN_OBJC_ROOT_CLASS = YES_ERROR;
				CLANG_WARN_UNREACHABLE_CODE = YES;
				CLANG_WARN__DUPLICATE_METHOD_MATCH = YES;
				"CODE_SIGN_IDENTITY[sdk=iphoneos*]" = "iPhone Developer";
				COPY_PHASE_STRIP = NO;
				DEBUG_INFORMATION_FORMAT = dwarf;
				ENABLE_STRICT_OBJC_MSGSEND = YES;
				ENABLE_TESTABILITY = YES;
				GCC_C_LANGUAGE_STANDARD = gnu99;
				GCC_DYNAMIC_NO_PIC = NO;
				GCC_NO_COMMON_BLOCKS = YES;
				GCC_OPTIMIZATION_LEVEL = 0;
				GCC_PREPROCESSOR_DEFINITIONS = (
					"DEBUG=1",
					"$(inherited)",
				);
				GCC_WARN_64_TO_32_BIT_CONVERSION = YES;
				GCC_WARN_ABOUT_RETURN_TYPE = YES_ERROR;
				GCC_WARN_UNDECLARED_SELECTOR = YES;
				GCC_WARN_UNINITIALIZED_AUTOS = YES_AGGRESSIVE;
				GCC_WARN_UNUSED_FUNCTION = YES;
				GCC_WARN_UNUSED_VARIABLE = YES;
				IPHONEOS_DEPLOYMENT_TARGET = 9.0;
				MTL_ENABLE_DEBUG_INFO = YES;
				ONLY_ACTIVE_ARCH = YES;
				SDKROOT = iphoneos;
				SWIFT_OPTIMIZATION_LEVEL = "-Onone";
			};
			name = Debug;
		};
		69499BD31BDDDB0D00C45A4C /* Release */ = {
			isa = XCBuildConfiguration;
			buildSettings = {
				ALWAYS_SEARCH_USER_PATHS = NO;
				CLANG_CXX_LANGUAGE_STANDARD = "gnu++0x";
				CLANG_CXX_LIBRARY = "libc++";
				CLANG_ENABLE_MODULES = YES;
				CLANG_ENABLE_OBJC_ARC = YES;
				CLANG_WARN_BOOL_CONVERSION = YES;
				CLANG_WARN_CONSTANT_CONVERSION = YES;
				CLANG_WARN_DIRECT_OBJC_ISA_USAGE = YES_ERROR;
				CLANG_WARN_EMPTY_BODY = YES;
				CLANG_WARN_ENUM_CONVERSION = YES;
				CLANG_WARN_INT_CONVERSION = YES;
				CLANG_WARN_OBJC_ROOT_CLASS = YES_ERROR;
				CLANG_WARN_UNREACHABLE_CODE = YES;
				CLANG_WARN__DUPLICATE_METHOD_MATCH = YES;
				"CODE_SIGN_IDENTITY[sdk=iphoneos*]" = "iPhone Developer";
				COPY_PHASE_STRIP = NO;
				DEBUG_INFORMATION_FORMAT = "dwarf-with-dsym";
				ENABLE_NS_ASSERTIONS = NO;
				ENABLE_STRICT_OBJC_MSGSEND = YES;
				GCC_C_LANGUAGE_STANDARD = gnu99;
				GCC_NO_COMMON_BLOCKS = YES;
				GCC_WARN_64_TO_32_BIT_CONVERSION = YES;
				GCC_WARN_ABOUT_RETURN_TYPE = YES_ERROR;
				GCC_WARN_UNDECLARED_SELECTOR = YES;
				GCC_WARN_UNINITIALIZED_AUTOS = YES_AGGRESSIVE;
				GCC_WARN_UNUSED_FUNCTION = YES;
				GCC_WARN_UNUSED_VARIABLE = YES;
				IPHONEOS_DEPLOYMENT_TARGET = 9.0;
				MTL_ENABLE_DEBUG_INFO = NO;
				SDKROOT = iphoneos;
				VALIDATE_PRODUCT = YES;
			};
			name = Release;
		};
		69499BD51BDDDB0D00C45A4C /* Debug */ = {
			isa = XCBuildConfiguration;
			buildSettings = {
				ASSETCATALOG_COMPILER_APPICON_NAME = AppIcon;
				INFOPLIST_FILE = WKWebViewDemo/Info.plist;
				LD_RUNPATH_SEARCH_PATHS = "$(inherited) @executable_path/Frameworks";
				PRODUCT_BUNDLE_IDENTIFIER = com.huangyibiao.WKWebViewDemo;
				PRODUCT_NAME = "$(TARGET_NAME)";
			};
			name = Debug;
		};
		69499BD61BDDDB0D00C45A4C /* Release */ = {
			isa = XCBuildConfiguration;
			buildSettings = {
				ASSETCATALOG_COMPILER_APPICON_NAME = AppIcon;
				INFOPLIST_FILE = WKWebViewDemo/Info.plist;
				LD_RUNPATH_SEARCH_PATHS = "$(inherited) @executable_path/Frameworks";
				PRODUCT_BUNDLE_IDENTIFIER = com.huangyibiao.WKWebViewDemo;
				PRODUCT_NAME = "$(TARGET_NAME)";
			};
			name = Release;
		};
		69499BD81BDDDB0D00C45A4C /* Debug */ = {
			isa = XCBuildConfiguration;
			buildSettings = {
				BUNDLE_LOADER = "$(TEST_HOST)";
				INFOPLIST_FILE = WKWebViewDemoTests/Info.plist;
				LD_RUNPATH_SEARCH_PATHS = "$(inherited) @executable_path/Frameworks @loader_path/Frameworks";
				PRODUCT_BUNDLE_IDENTIFIER = com.huangyibiao.WKWebViewDemoTests;
				PRODUCT_NAME = "$(TARGET_NAME)";
				TEST_HOST = "$(BUILT_PRODUCTS_DIR)/WKWebViewDemo.app/WKWebViewDemo";
			};
			name = Debug;
		};
		69499BD91BDDDB0D00C45A4C /* Release */ = {
			isa = XCBuildConfiguration;
			buildSettings = {
				BUNDLE_LOADER = "$(TEST_HOST)";
				INFOPLIST_FILE = WKWebViewDemoTests/Info.plist;
				LD_RUNPATH_SEARCH_PATHS = "$(inherited) @executable_path/Frameworks @loader_path/Frameworks";
				PRODUCT_BUNDLE_IDENTIFIER = com.huangyibiao.WKWebViewDemoTests;
				PRODUCT_NAME = "$(TARGET_NAME)";
				TEST_HOST = "$(BUILT_PRODUCTS_DIR)/WKWebViewDemo.app/WKWebViewDemo";
			};
			name = Release;
		};
		69499BDB1BDDDB0D00C45A4C /* Debug */ = {
			isa = XCBuildConfiguration;
			buildSettings = {
				INFOPLIST_FILE = WKWebViewDemoUITests/Info.plist;
				LD_RUNPATH_SEARCH_PATHS = "$(inherited) @executable_path/Frameworks @loader_path/Frameworks";
				PRODUCT_BUNDLE_IDENTIFIER = com.huangyibiao.WKWebViewDemoUITests;
				PRODUCT_NAME = "$(TARGET_NAME)";
				TEST_TARGET_NAME = WKWebViewDemo;
				USES_XCTRUNNER = YES;
			};
			name = Debug;
		};
		69499BDC1BDDDB0D00C45A4C /* Release */ = {
			isa = XCBuildConfiguration;
			buildSettings = {
				INFOPLIST_FILE = WKWebViewDemoUITests/Info.plist;
				LD_RUNPATH_SEARCH_PATHS = "$(inherited) @executable_path/Frameworks @loader_path/Frameworks";
				PRODUCT_BUNDLE_IDENTIFIER = com.huangyibiao.WKWebViewDemoUITests;
				PRODUCT_NAME = "$(TARGET_NAME)";
				TEST_TARGET_NAME = WKWebViewDemo;
				USES_XCTRUNNER = YES;
			};
			name = Release;
		};
/* End XCBuildConfiguration section */

/* Begin XCConfigurationList section */
		69499BA71BDDDB0C00C45A4C /* Build configuration list for PBXProject "WKWebViewDemo" */ = {
			isa = XCConfigurationList;
			buildConfigurations = (
				69499BD21BDDDB0D00C45A4C /* Debug */,
				69499BD31BDDDB0D00C45A4C /* Release */,
			);
			defaultConfigurationIsVisible = 0;
			defaultConfigurationName = Release;
		};
		69499BD41BDDDB0D00C45A4C /* Build configuration list for PBXNativeTarget "WKWebViewDemo" */ = {
			isa = XCConfigurationList;
			buildConfigurations = (
				69499BD51BDDDB0D00C45A4C /* Debug */,
				69499BD61BDDDB0D00C45A4C /* Release */,
			);
			defaultConfigurationIsVisible = 0;
		};
		69499BD71BDDDB0D00C45A4C /* Build configuration list for PBXNativeTarget "WKWebViewDemoTests" */ = {
			isa = XCConfigurationList;
			buildConfigurations = (
				69499BD81BDDDB0D00C45A4C /* Debug */,
				69499BD91BDDDB0D00C45A4C /* Release */,
			);
			defaultConfigurationIsVisible = 0;
		};
		69499BDA1BDDDB0D00C45A4C /* Build configuration list for PBXNativeTarget "WKWebViewDemoUITests" */ = {
			isa = XCConfigurationList;
			buildConfigurations = (
				69499BDB1BDDDB0D00C45A4C /* Debug */,
				69499BDC1BDDDB0D00C45A4C /* Release */,
			);
			defaultConfigurationIsVisible = 0;
		};
/* End XCConfigurationList section */
	};
	rootObject = 69499BA41BDDDB0C00C45A4C /* Project object */;
}
